// !$*UTF8*$!
{
	archiveVersion = 1;
	classes = {
	};
	objectVersion = 52;
	objects = {

/* Begin PBXBuildFile section */
		0836D9B52453CD90003F34F8 /* noImageFound.jpg in Resources */ = {isa = PBXBuildFile; fileRef = 0836D9B42453CD90003F34F8 /* noImageFound.jpg */; };
		0888895A244F6C2700378FE5 /* TeamsTableViewController.swift in Sources */ = {isa = PBXBuildFile; fileRef = 08888959244F6C2700378FE5 /* TeamsTableViewController.swift */; };
		089F8E862450F0D7004537B5 /* noEventsAvailable.jpg in Resources */ = {isa = PBXBuildFile; fileRef = 089F8E852450F0D7004537B5 /* noEventsAvailable.jpg */; };
		08A4780F244B739700434B21 /* Sport.swift in Sources */ = {isa = PBXBuildFile; fileRef = 08A4780E244B739700434B21 /* Sport.swift */; };
		08A47812244B7A1700434B21 /* RemoteHandlerProtocol.swift in Sources */ = {isa = PBXBuildFile; fileRef = 08A47811244B7A1700434B21 /* RemoteHandlerProtocol.swift */; };
		08A47814244B7A9F00434B21 /* SportsHandler.swift in Sources */ = {isa = PBXBuildFile; fileRef = 08A47813244B7A9F00434B21 /* SportsHandler.swift */; };
		08A47816244B7AC900434B21 /* LeaguesHandler.swift in Sources */ = {isa = PBXBuildFile; fileRef = 08A47815244B7AC900434B21 /* LeaguesHandler.swift */; };
		08A47818244B7AEF00434B21 /* EventsHandler.swift in Sources */ = {isa = PBXBuildFile; fileRef = 08A47817244B7AEF00434B21 /* EventsHandler.swift */; };
		08A4781A244B7B0B00434B21 /* TeamsHandler.swift in Sources */ = {isa = PBXBuildFile; fileRef = 08A47819244B7B0B00434B21 /* TeamsHandler.swift */; };
		08A4781C244B7B2A00434B21 /* League.swift in Sources */ = {isa = PBXBuildFile; fileRef = 08A4781B244B7B2A00434B21 /* League.swift */; };
		08A4781E244B7B3700434B21 /* Event.swift in Sources */ = {isa = PBXBuildFile; fileRef = 08A4781D244B7B3700434B21 /* Event.swift */; };
		08A47820244B7B4300434B21 /* Team.swift in Sources */ = {isa = PBXBuildFile; fileRef = 08A4781F244B7B4300434B21 /* Team.swift */; };
		08A4782F244C8D5300434B21 /* FilledStar.png in Resources */ = {isa = PBXBuildFile; fileRef = 08A4782D244C8D5200434B21 /* FilledStar.png */; };
		08A47830244C8D5300434B21 /* EmptyStar.png in Resources */ = {isa = PBXBuildFile; fileRef = 08A4782E244C8D5200434B21 /* EmptyStar.png */; };
		08A47842244CA33B00434B21 /* DetailsViewController.swift in Sources */ = {isa = PBXBuildFile; fileRef = 08A47841244CA33B00434B21 /* DetailsViewController.swift */; };
		08A47857244CCDCF00434B21 /* UpcomingCollectionViewCell.swift in Sources */ = {isa = PBXBuildFile; fileRef = 08A47855244CCDCE00434B21 /* UpcomingCollectionViewCell.swift */; };
		08A47858244CCDCF00434B21 /* UpcomingCollectionViewCell.xib in Resources */ = {isa = PBXBuildFile; fileRef = 08A47856244CCDCE00434B21 /* UpcomingCollectionViewCell.xib */; };
		08A4785B244CDEAB00434B21 /* LatestCollectionViewCell.swift in Sources */ = {isa = PBXBuildFile; fileRef = 08A47859244CDEAB00434B21 /* LatestCollectionViewCell.swift */; };
		08A4785C244CDEAB00434B21 /* LatestCollectionViewCell.xib in Resources */ = {isa = PBXBuildFile; fileRef = 08A4785A244CDEAB00434B21 /* LatestCollectionViewCell.xib */; };
		08A4785F244CE41E00434B21 /* TeamCollectionViewCell.swift in Sources */ = {isa = PBXBuildFile; fileRef = 08A4785D244CE41E00434B21 /* TeamCollectionViewCell.swift */; };
		08A47860244CE41E00434B21 /* TeamCollectionViewCell.xib in Resources */ = {isa = PBXBuildFile; fileRef = 08A4785E244CE41E00434B21 /* TeamCollectionViewCell.xib */; };
		08A47863244DCEB600434B21 /* CoreDataHandler.swift in Sources */ = {isa = PBXBuildFile; fileRef = 08A47862244DCEB600434B21 /* CoreDataHandler.swift */; };
		08A47865244DE4BB00434B21 /* CoreDataPrtocol.swift in Sources */ = {isa = PBXBuildFile; fileRef = 08A47864244DE4BB00434B21 /* CoreDataPrtocol.swift */; };
		08A47868244DE69300434B21 /* DetailsPresenter.swift in Sources */ = {isa = PBXBuildFile; fileRef = 08A47867244DE69300434B21 /* DetailsPresenter.swift */; };
		08A47870244DE96D00434B21 /* Details.storyboard in Resources */ = {isa = PBXBuildFile; fileRef = 08A4786E244DE96D00434B21 /* Details.storyboard */; };
		08A47874244DEAC100434B21 /* CollectionViewExtension.swift in Sources */ = {isa = PBXBuildFile; fileRef = 08A47873244DEAC100434B21 /* CollectionViewExtension.swift */; };
		08A47876244DECA500434B21 /* DetailsPresenterProtocol.swift in Sources */ = {isa = PBXBuildFile; fileRef = 08A47875244DECA500434B21 /* DetailsPresenterProtocol.swift */; };
		08A47878244E0AAE00434B21 /* UpComingEventsExtension.swift in Sources */ = {isa = PBXBuildFile; fileRef = 08A47877244E0AAE00434B21 /* UpComingEventsExtension.swift */; };
		08A4787A244E0D3900434B21 /* LatestEventsExtension.swift in Sources */ = {isa = PBXBuildFile; fileRef = 08A47879244E0D3900434B21 /* LatestEventsExtension.swift */; };
		08A4787C244E0FF400434B21 /* TeamsExtension.swift in Sources */ = {isa = PBXBuildFile; fileRef = 08A4787B244E0FF400434B21 /* TeamsExtension.swift */; };
		E30A01ED24520A4D00F24073 /* FavouritesPresenter.swift in Sources */ = {isa = PBXBuildFile; fileRef = E30A01EC24520A4D00F24073 /* FavouritesPresenter.swift */; };
		E30A01EF24520AAF00F24073 /* FavouritesViewController.swift in Sources */ = {isa = PBXBuildFile; fileRef = E30A01EE24520AAF00F24073 /* FavouritesViewController.swift */; };
		E30A01F124520C2700F24073 /* LeagueTableView.swift in Sources */ = {isa = PBXBuildFile; fileRef = E30A01F024520C2700F24073 /* LeagueTableView.swift */; };
		E30A01F324520DB200F24073 /* LeaguesViewController.swift in Sources */ = {isa = PBXBuildFile; fileRef = E30A01F224520DB100F24073 /* LeaguesViewController.swift */; };
		E30A01F524520FFB00F24073 /* PresentControllerDelegate.swift in Sources */ = {isa = PBXBuildFile; fileRef = E30A01F424520FFB00F24073 /* PresentControllerDelegate.swift */; };
		E33B754C2452201900231435 /* ReloadTableViewDelegate.swift in Sources */ = {isa = PBXBuildFile; fileRef = E33B754B2452201900231435 /* ReloadTableViewDelegate.swift */; };
		E33B75542452482800231435 /* ShowToastView.swift in Sources */ = {isa = PBXBuildFile; fileRef = E33B75532452482800231435 /* ShowToastView.swift */; };
		E3B1ACA5244A2C6600C144E6 /* AppDelegate.swift in Sources */ = {isa = PBXBuildFile; fileRef = E3B1ACA4244A2C6600C144E6 /* AppDelegate.swift */; };
		E3B1ACA7244A2C6600C144E6 /* SceneDelegate.swift in Sources */ = {isa = PBXBuildFile; fileRef = E3B1ACA6244A2C6600C144E6 /* SceneDelegate.swift */; };
		E3B1ACA9244A2C6600C144E6 /* ViewController.swift in Sources */ = {isa = PBXBuildFile; fileRef = E3B1ACA8244A2C6600C144E6 /* ViewController.swift */; };
		E3B1ACAC244A2C6600C144E6 /* Main.storyboard in Resources */ = {isa = PBXBuildFile; fileRef = E3B1ACAA244A2C6600C144E6 /* Main.storyboard */; };
		E3B1ACAF244A2C6600C144E6 /* SportyApp.xcdatamodeld in Sources */ = {isa = PBXBuildFile; fileRef = E3B1ACAD244A2C6600C144E6 /* SportyApp.xcdatamodeld */; };
		E3B1ACB1244A2C6A00C144E6 /* Assets.xcassets in Resources */ = {isa = PBXBuildFile; fileRef = E3B1ACB0244A2C6A00C144E6 /* Assets.xcassets */; };
		E3B1ACB4244A2C6A00C144E6 /* LaunchScreen.storyboard in Resources */ = {isa = PBXBuildFile; fileRef = E3B1ACB2244A2C6A00C144E6 /* LaunchScreen.storyboard */; };
		E3BE645A24547B7900B6D13D /* CustomLaunchScreen.storyboard in Resources */ = {isa = PBXBuildFile; fileRef = E3BE645924547B7900B6D13D /* CustomLaunchScreen.storyboard */; };
		E3BE645C24547B8300B6D13D /* CustomScreenViewController.swift in Sources */ = {isa = PBXBuildFile; fileRef = E3BE645B24547B8300B6D13D /* CustomScreenViewController.swift */; };
		E3F55446244B8B450046675C /* Constants.swift in Sources */ = {isa = PBXBuildFile; fileRef = E3F55445244B8B450046675C /* Constants.swift */; };
		E3F55448244C6F6E0046675C /* RepositoryProtocol.swift in Sources */ = {isa = PBXBuildFile; fileRef = E3F55447244C6F6E0046675C /* RepositoryProtocol.swift */; };
		E3F5544A244C6FBD0046675C /* RepositoryImp.swift in Sources */ = {isa = PBXBuildFile; fileRef = E3F55449244C6FBD0046675C /* RepositoryImp.swift */; };
		E3F5544D244CD4E00046675C /* ContentCollectionViewCell.swift in Sources */ = {isa = PBXBuildFile; fileRef = E3F5544C244CD4E00046675C /* ContentCollectionViewCell.swift */; };
		E3F5544F244CD5550046675C /* HeaderCollectionReusableView.swift in Sources */ = {isa = PBXBuildFile; fileRef = E3F5544E244CD5550046675C /* HeaderCollectionReusableView.swift */; };
		E3F55451244CD5850046675C /* SportsViewController.swift in Sources */ = {isa = PBXBuildFile; fileRef = E3F55450244CD5850046675C /* SportsViewController.swift */; };
		E3F55454244CD8480046675C /* Kingfisher in Frameworks */ = {isa = PBXBuildFile; productRef = E3F55453244CD8480046675C /* Kingfisher */; };
		E3F55456244CD9FC0046675C /* CollectionViewProvider.swift in Sources */ = {isa = PBXBuildFile; fileRef = E3F55455244CD9FC0046675C /* CollectionViewProvider.swift */; };
		E3F55458244DC1900046675C /* SportsPresenter.swift in Sources */ = {isa = PBXBuildFile; fileRef = E3F55457244DC1900046675C /* SportsPresenter.swift */; };
		E3F55460244DF8750046675C /* LeagueCell.swift in Sources */ = {isa = PBXBuildFile; fileRef = E3F5545E244DF8750046675C /* LeagueCell.swift */; };
		E3F55461244DF8750046675C /* LeagueCell.xib in Resources */ = {isa = PBXBuildFile; fileRef = E3F5545F244DF8750046675C /* LeagueCell.xib */; };
		E3F55463244E056F0046675C /* LeaguePresenter.swift in Sources */ = {isa = PBXBuildFile; fileRef = E3F55462244E056F0046675C /* LeaguePresenter.swift */; };
		E3F55465244E55120046675C /* ReachabilityObserverDelegate.swift in Sources */ = {isa = PBXBuildFile; fileRef = E3F55464244E55120046675C /* ReachabilityObserverDelegate.swift */; };
		E47D635825B62A74BD6AD911 /* Pods_SportyApp.framework in Frameworks */ = {isa = PBXBuildFile; fileRef = 124F82ECE628C95B411B7F00 /* Pods_SportyApp.framework */; };
/* End PBXBuildFile section */

/* Begin PBXFileReference section */
		0836D9B42453CD90003F34F8 /* noImageFound.jpg */ = {isa = PBXFileReference; lastKnownFileType = image.jpeg; path = noImageFound.jpg; sourceTree = "<group>"; };
		08888959244F6C2700378FE5 /* TeamsTableViewController.swift */ = {isa = PBXFileReference; lastKnownFileType = sourcecode.swift; path = TeamsTableViewController.swift; sourceTree = "<group>"; };
		089F8E852450F0D7004537B5 /* noEventsAvailable.jpg */ = {isa = PBXFileReference; lastKnownFileType = image.jpeg; path = noEventsAvailable.jpg; sourceTree = "<group>"; };
		08A4780E244B739700434B21 /* Sport.swift */ = {isa = PBXFileReference; fileEncoding = 4; lastKnownFileType = sourcecode.swift; path = Sport.swift; sourceTree = "<group>"; };
		08A47811244B7A1700434B21 /* RemoteHandlerProtocol.swift */ = {isa = PBXFileReference; lastKnownFileType = sourcecode.swift; path = RemoteHandlerProtocol.swift; sourceTree = "<group>"; };
		08A47813244B7A9F00434B21 /* SportsHandler.swift */ = {isa = PBXFileReference; lastKnownFileType = sourcecode.swift; path = SportsHandler.swift; sourceTree = "<group>"; };
		08A47815244B7AC900434B21 /* LeaguesHandler.swift */ = {isa = PBXFileReference; lastKnownFileType = sourcecode.swift; path = LeaguesHandler.swift; sourceTree = "<group>"; };
		08A47817244B7AEF00434B21 /* EventsHandler.swift */ = {isa = PBXFileReference; lastKnownFileType = sourcecode.swift; path = EventsHandler.swift; sourceTree = "<group>"; };
		08A47819244B7B0B00434B21 /* TeamsHandler.swift */ = {isa = PBXFileReference; lastKnownFileType = sourcecode.swift; path = TeamsHandler.swift; sourceTree = "<group>"; };
		08A4781B244B7B2A00434B21 /* League.swift */ = {isa = PBXFileReference; lastKnownFileType = sourcecode.swift; path = League.swift; sourceTree = "<group>"; };
		08A4781D244B7B3700434B21 /* Event.swift */ = {isa = PBXFileReference; lastKnownFileType = sourcecode.swift; path = Event.swift; sourceTree = "<group>"; };
		08A4781F244B7B4300434B21 /* Team.swift */ = {isa = PBXFileReference; lastKnownFileType = sourcecode.swift; path = Team.swift; sourceTree = "<group>"; };
		08A4782D244C8D5200434B21 /* FilledStar.png */ = {isa = PBXFileReference; lastKnownFileType = image.png; path = FilledStar.png; sourceTree = "<group>"; };
		08A4782E244C8D5200434B21 /* EmptyStar.png */ = {isa = PBXFileReference; lastKnownFileType = image.png; path = EmptyStar.png; sourceTree = "<group>"; };
		08A47841244CA33B00434B21 /* DetailsViewController.swift */ = {isa = PBXFileReference; lastKnownFileType = sourcecode.swift; name = DetailsViewController.swift; path = SportyApp/features/Details/Design/ViewController/DetailsViewController.swift; sourceTree = SOURCE_ROOT; };
		08A47855244CCDCE00434B21 /* UpcomingCollectionViewCell.swift */ = {isa = PBXFileReference; lastKnownFileType = sourcecode.swift; name = UpcomingCollectionViewCell.swift; path = SportyApp/features/Details/Design/CustomCellsFiles/UpcomingCollectionViewCell.swift; sourceTree = SOURCE_ROOT; };
		08A47856244CCDCE00434B21 /* UpcomingCollectionViewCell.xib */ = {isa = PBXFileReference; lastKnownFileType = file.xib; name = UpcomingCollectionViewCell.xib; path = SportyApp/features/Details/Design/NibFiles/UpcomingCollectionViewCell.xib; sourceTree = SOURCE_ROOT; };
		08A47859244CDEAB00434B21 /* LatestCollectionViewCell.swift */ = {isa = PBXFileReference; lastKnownFileType = sourcecode.swift; name = LatestCollectionViewCell.swift; path = SportyApp/features/Details/Design/CustomCellsFiles/LatestCollectionViewCell.swift; sourceTree = SOURCE_ROOT; };
		08A4785A244CDEAB00434B21 /* LatestCollectionViewCell.xib */ = {isa = PBXFileReference; lastKnownFileType = file.xib; name = LatestCollectionViewCell.xib; path = SportyApp/features/Details/Design/NibFiles/LatestCollectionViewCell.xib; sourceTree = SOURCE_ROOT; };
		08A4785D244CE41E00434B21 /* TeamCollectionViewCell.swift */ = {isa = PBXFileReference; lastKnownFileType = sourcecode.swift; name = TeamCollectionViewCell.swift; path = SportyApp/features/Details/Design/CustomCellsFiles/TeamCollectionViewCell.swift; sourceTree = SOURCE_ROOT; };
		08A4785E244CE41E00434B21 /* TeamCollectionViewCell.xib */ = {isa = PBXFileReference; lastKnownFileType = file.xib; name = TeamCollectionViewCell.xib; path = SportyApp/features/Details/Design/NibFiles/TeamCollectionViewCell.xib; sourceTree = SOURCE_ROOT; };
		08A47862244DCEB600434B21 /* CoreDataHandler.swift */ = {isa = PBXFileReference; fileEncoding = 4; lastKnownFileType = sourcecode.swift; path = CoreDataHandler.swift; sourceTree = "<group>"; };
		08A47864244DE4BB00434B21 /* CoreDataPrtocol.swift */ = {isa = PBXFileReference; lastKnownFileType = sourcecode.swift; path = CoreDataPrtocol.swift; sourceTree = "<group>"; };
		08A47867244DE69300434B21 /* DetailsPresenter.swift */ = {isa = PBXFileReference; lastKnownFileType = sourcecode.swift; path = DetailsPresenter.swift; sourceTree = "<group>"; };
		08A4786F244DE96D00434B21 /* Base */ = {isa = PBXFileReference; lastKnownFileType = file.storyboard; name = Base; path = SportyApp/Main/Base.lproj/Details.storyboard; sourceTree = "<group>"; };
		08A47873244DEAC100434B21 /* CollectionViewExtension.swift */ = {isa = PBXFileReference; lastKnownFileType = sourcecode.swift; path = CollectionViewExtension.swift; sourceTree = "<group>"; };
		08A47875244DECA500434B21 /* DetailsPresenterProtocol.swift */ = {isa = PBXFileReference; lastKnownFileType = sourcecode.swift; path = DetailsPresenterProtocol.swift; sourceTree = "<group>"; };
		08A47877244E0AAE00434B21 /* UpComingEventsExtension.swift */ = {isa = PBXFileReference; lastKnownFileType = sourcecode.swift; path = UpComingEventsExtension.swift; sourceTree = "<group>"; };
		08A47879244E0D3900434B21 /* LatestEventsExtension.swift */ = {isa = PBXFileReference; lastKnownFileType = sourcecode.swift; path = LatestEventsExtension.swift; sourceTree = "<group>"; };
		08A4787B244E0FF400434B21 /* TeamsExtension.swift */ = {isa = PBXFileReference; lastKnownFileType = sourcecode.swift; path = TeamsExtension.swift; sourceTree = "<group>"; };
		124F82ECE628C95B411B7F00 /* Pods_SportyApp.framework */ = {isa = PBXFileReference; explicitFileType = wrapper.framework; includeInIndex = 0; path = Pods_SportyApp.framework; sourceTree = BUILT_PRODUCTS_DIR; };
		22EB294BEE8C31B73025DD47 /* Pods-SportyApp.release.xcconfig */ = {isa = PBXFileReference; includeInIndex = 1; lastKnownFileType = text.xcconfig; name = "Pods-SportyApp.release.xcconfig"; path = "Target Support Files/Pods-SportyApp/Pods-SportyApp.release.xcconfig"; sourceTree = "<group>"; };
		AFA4B61F650F1AA8631C8A16 /* Pods-SportyApp.debug.xcconfig */ = {isa = PBXFileReference; includeInIndex = 1; lastKnownFileType = text.xcconfig; name = "Pods-SportyApp.debug.xcconfig"; path = "Target Support Files/Pods-SportyApp/Pods-SportyApp.debug.xcconfig"; sourceTree = "<group>"; };
		E30A01EC24520A4D00F24073 /* FavouritesPresenter.swift */ = {isa = PBXFileReference; lastKnownFileType = sourcecode.swift; path = FavouritesPresenter.swift; sourceTree = "<group>"; };
		E30A01EE24520AAF00F24073 /* FavouritesViewController.swift */ = {isa = PBXFileReference; lastKnownFileType = sourcecode.swift; path = FavouritesViewController.swift; sourceTree = "<group>"; };
		E30A01F024520C2700F24073 /* LeagueTableView.swift */ = {isa = PBXFileReference; lastKnownFileType = sourcecode.swift; path = LeagueTableView.swift; sourceTree = "<group>"; };
		E30A01F224520DB100F24073 /* LeaguesViewController.swift */ = {isa = PBXFileReference; fileEncoding = 4; lastKnownFileType = sourcecode.swift; path = LeaguesViewController.swift; sourceTree = "<group>"; };
		E30A01F424520FFB00F24073 /* PresentControllerDelegate.swift */ = {isa = PBXFileReference; lastKnownFileType = sourcecode.swift; path = PresentControllerDelegate.swift; sourceTree = "<group>"; };
		E33B754B2452201900231435 /* ReloadTableViewDelegate.swift */ = {isa = PBXFileReference; lastKnownFileType = sourcecode.swift; path = ReloadTableViewDelegate.swift; sourceTree = "<group>"; };
		E33B75532452482800231435 /* ShowToastView.swift */ = {isa = PBXFileReference; fileEncoding = 4; lastKnownFileType = sourcecode.swift; path = ShowToastView.swift; sourceTree = "<group>"; };
		E3B1ACA1244A2C6600C144E6 /* SportyApp.app */ = {isa = PBXFileReference; explicitFileType = wrapper.application; includeInIndex = 0; path = SportyApp.app; sourceTree = BUILT_PRODUCTS_DIR; };
		E3B1ACA4244A2C6600C144E6 /* AppDelegate.swift */ = {isa = PBXFileReference; lastKnownFileType = sourcecode.swift; path = AppDelegate.swift; sourceTree = "<group>"; };
		E3B1ACA6244A2C6600C144E6 /* SceneDelegate.swift */ = {isa = PBXFileReference; lastKnownFileType = sourcecode.swift; path = SceneDelegate.swift; sourceTree = "<group>"; };
		E3B1ACA8244A2C6600C144E6 /* ViewController.swift */ = {isa = PBXFileReference; lastKnownFileType = sourcecode.swift; path = ViewController.swift; sourceTree = "<group>"; };
		E3B1ACAB244A2C6600C144E6 /* Base */ = {isa = PBXFileReference; lastKnownFileType = file.storyboard; name = Base; path = Base.lproj/Main.storyboard; sourceTree = "<group>"; };
		E3B1ACAE244A2C6600C144E6 /* SportyApp.xcdatamodel */ = {isa = PBXFileReference; lastKnownFileType = wrapper.xcdatamodel; path = SportyApp.xcdatamodel; sourceTree = "<group>"; };
		E3B1ACB0244A2C6A00C144E6 /* Assets.xcassets */ = {isa = PBXFileReference; lastKnownFileType = folder.assetcatalog; path = Assets.xcassets; sourceTree = "<group>"; };
		E3B1ACB3244A2C6A00C144E6 /* Base */ = {isa = PBXFileReference; lastKnownFileType = file.storyboard; name = Base; path = Base.lproj/LaunchScreen.storyboard; sourceTree = "<group>"; };
		E3B1ACB5244A2C6A00C144E6 /* Info.plist */ = {isa = PBXFileReference; lastKnownFileType = text.plist.xml; path = Info.plist; sourceTree = "<group>"; };
		E3BE645924547B7900B6D13D /* CustomLaunchScreen.storyboard */ = {isa = PBXFileReference; fileEncoding = 4; lastKnownFileType = file.storyboard; path = CustomLaunchScreen.storyboard; sourceTree = "<group>"; };
		E3BE645B24547B8300B6D13D /* CustomScreenViewController.swift */ = {isa = PBXFileReference; fileEncoding = 4; lastKnownFileType = sourcecode.swift; path = CustomScreenViewController.swift; sourceTree = "<group>"; };
		E3F55445244B8B450046675C /* Constants.swift */ = {isa = PBXFileReference; lastKnownFileType = sourcecode.swift; path = Constants.swift; sourceTree = "<group>"; };
		E3F55447244C6F6E0046675C /* RepositoryProtocol.swift */ = {isa = PBXFileReference; lastKnownFileType = sourcecode.swift; path = RepositoryProtocol.swift; sourceTree = "<group>"; };
		E3F55449244C6FBD0046675C /* RepositoryImp.swift */ = {isa = PBXFileReference; lastKnownFileType = sourcecode.swift; path = RepositoryImp.swift; sourceTree = "<group>"; };
		E3F5544C244CD4E00046675C /* ContentCollectionViewCell.swift */ = {isa = PBXFileReference; lastKnownFileType = sourcecode.swift; path = ContentCollectionViewCell.swift; sourceTree = "<group>"; };
		E3F5544E244CD5550046675C /* HeaderCollectionReusableView.swift */ = {isa = PBXFileReference; lastKnownFileType = sourcecode.swift; path = HeaderCollectionReusableView.swift; sourceTree = "<group>"; };
		E3F55450244CD5850046675C /* SportsViewController.swift */ = {isa = PBXFileReference; lastKnownFileType = sourcecode.swift; path = SportsViewController.swift; sourceTree = "<group>"; };
		E3F55455244CD9FC0046675C /* CollectionViewProvider.swift */ = {isa = PBXFileReference; lastKnownFileType = sourcecode.swift; path = CollectionViewProvider.swift; sourceTree = "<group>"; };
		E3F55457244DC1900046675C /* SportsPresenter.swift */ = {isa = PBXFileReference; lastKnownFileType = sourcecode.swift; path = SportsPresenter.swift; sourceTree = "<group>"; };
		E3F5545E244DF8750046675C /* LeagueCell.swift */ = {isa = PBXFileReference; lastKnownFileType = sourcecode.swift; path = LeagueCell.swift; sourceTree = "<group>"; };
		E3F5545F244DF8750046675C /* LeagueCell.xib */ = {isa = PBXFileReference; lastKnownFileType = file.xib; path = LeagueCell.xib; sourceTree = "<group>"; };
		E3F55462244E056F0046675C /* LeaguePresenter.swift */ = {isa = PBXFileReference; lastKnownFileType = sourcecode.swift; path = LeaguePresenter.swift; sourceTree = "<group>"; };
		E3F55464244E55120046675C /* ReachabilityObserverDelegate.swift */ = {isa = PBXFileReference; fileEncoding = 4; lastKnownFileType = sourcecode.swift; path = ReachabilityObserverDelegate.swift; sourceTree = "<group>"; };
/* End PBXFileReference section */

/* Begin PBXFrameworksBuildPhase section */
		E3B1AC9E244A2C6500C144E6 /* Frameworks */ = {
			isa = PBXFrameworksBuildPhase;
			buildActionMask = 2147483647;
			files = (
				E3F55454244CD8480046675C /* Kingfisher in Frameworks */,
				E47D635825B62A74BD6AD911 /* Pods_SportyApp.framework in Frameworks */,
			);
			runOnlyForDeploymentPostprocessing = 0;
		};
/* End PBXFrameworksBuildPhase section */

/* Begin PBXGroup section */
		0873A58F244A345800E03291 /* features */ = {
			isa = PBXGroup;
			children = (
				E3B1ACCD244A3AE300C144E6 /* Details */,
				E3B1ACBE244A2CB100C144E6 /* Main */,
			);
			path = features;
			sourceTree = "<group>";
		};
		08A4780C244B737000434B21 /* Entities */ = {
			isa = PBXGroup;
			children = (
				08A4780E244B739700434B21 /* Sport.swift */,
				08A4781B244B7B2A00434B21 /* League.swift */,
				08A4781D244B7B3700434B21 /* Event.swift */,
				08A4781F244B7B4300434B21 /* Team.swift */,
			);
			path = Entities;
			sourceTree = "<group>";
		};
		08A4780D244B737800434B21 /* DataModel */ = {
			isa = PBXGroup;
			children = (
				E3B1ACAD244A2C6600C144E6 /* SportyApp.xcdatamodeld */,
			);
			path = DataModel;
			sourceTree = "<group>";
		};
		08A47810244B79E100434B21 /* RemoteHandlers */ = {
			isa = PBXGroup;
			children = (
				08A47811244B7A1700434B21 /* RemoteHandlerProtocol.swift */,
				08A47813244B7A9F00434B21 /* SportsHandler.swift */,
				08A47815244B7AC900434B21 /* LeaguesHandler.swift */,
				08A47817244B7AEF00434B21 /* EventsHandler.swift */,
				08A47819244B7B0B00434B21 /* TeamsHandler.swift */,
			);
			path = RemoteHandlers;
			sourceTree = "<group>";
		};
		08A47828244C81FB00434B21 /* Resources */ = {
			isa = PBXGroup;
			children = (
				08A4782E244C8D5200434B21 /* EmptyStar.png */,
				08A4782D244C8D5200434B21 /* FilledStar.png */,
				089F8E852450F0D7004537B5 /* noEventsAvailable.jpg */,
				0836D9B42453CD90003F34F8 /* noImageFound.jpg */,
			);
			path = Resources;
			sourceTree = "<group>";
		};
		08A47861244DCE3400434B21 /* CoreDataHandler */ = {
			isa = PBXGroup;
			children = (
				08A47862244DCEB600434B21 /* CoreDataHandler.swift */,
				08A47864244DE4BB00434B21 /* CoreDataPrtocol.swift */,
			);
			path = CoreDataHandler;
			sourceTree = "<group>";
		};
		08A47866244DE67F00434B21 /* Presenter */ = {
			isa = PBXGroup;
			children = (
				08A47867244DE69300434B21 /* DetailsPresenter.swift */,
				08A47875244DECA500434B21 /* DetailsPresenterProtocol.swift */,
			);
			path = Presenter;
			sourceTree = "<group>";
		};
		08A47869244DE6AE00434B21 /* Design */ = {
			isa = PBXGroup;
			children = (
				08A4786D244DE71300434B21 /* ViewController */,
				08A4786C244DE6EF00434B21 /* CustomCellsFiles */,
				08A4786B244DE6CD00434B21 /* NibFiles */,
			);
			path = Design;
			sourceTree = "<group>";
		};
		08A4786A244DE6BD00434B21 /* Storyboard */ = {
			isa = PBXGroup;
			children = (
				08A4786E244DE96D00434B21 /* Details.storyboard */,
			);
			path = Storyboard;
			sourceTree = "<group>";
		};
		08A4786B244DE6CD00434B21 /* NibFiles */ = {
			isa = PBXGroup;
			children = (
				08A47856244CCDCE00434B21 /* UpcomingCollectionViewCell.xib */,
				08A4785A244CDEAB00434B21 /* LatestCollectionViewCell.xib */,
				08A4785E244CE41E00434B21 /* TeamCollectionViewCell.xib */,
			);
			path = NibFiles;
			sourceTree = "<group>";
		};
		08A4786C244DE6EF00434B21 /* CustomCellsFiles */ = {
			isa = PBXGroup;
			children = (
				08A47855244CCDCE00434B21 /* UpcomingCollectionViewCell.swift */,
				08A47859244CDEAB00434B21 /* LatestCollectionViewCell.swift */,
				08A4785D244CE41E00434B21 /* TeamCollectionViewCell.swift */,
			);
			path = CustomCellsFiles;
			sourceTree = "<group>";
		};
		08A4786D244DE71300434B21 /* ViewController */ = {
			isa = PBXGroup;
			children = (
				08A47841244CA33B00434B21 /* DetailsViewController.swift */,
				08A47873244DEAC100434B21 /* CollectionViewExtension.swift */,
				08A47877244E0AAE00434B21 /* UpComingEventsExtension.swift */,
				08A47879244E0D3900434B21 /* LatestEventsExtension.swift */,
				08A4787B244E0FF400434B21 /* TeamsExtension.swift */,
			);
			path = ViewController;
			sourceTree = "<group>";
		};
		08A4787F244E554400434B21 /* TeamDetails */ = {
			isa = PBXGroup;
			children = (
				08888959244F6C2700378FE5 /* TeamsTableViewController.swift */,
			);
			path = TeamDetails;
			sourceTree = "<group>";
		};
		59E63F5FAE72BD1A82DB3C99 /* Frameworks */ = {
			isa = PBXGroup;
			children = (
				124F82ECE628C95B411B7F00 /* Pods_SportyApp.framework */,
			);
			name = Frameworks;
			sourceTree = "<group>";
		};
		E1437373B30E38B6FE0884D0 /* Pods */ = {
			isa = PBXGroup;
			children = (
				AFA4B61F650F1AA8631C8A16 /* Pods-SportyApp.debug.xcconfig */,
				22EB294BEE8C31B73025DD47 /* Pods-SportyApp.release.xcconfig */,
			);
			path = Pods;
			sourceTree = "<group>";
		};
		E30A01EB24520A2C00F24073 /* favourites */ = {
			isa = PBXGroup;
			children = (
				E30A01EC24520A4D00F24073 /* FavouritesPresenter.swift */,
				E30A01EE24520AAF00F24073 /* FavouritesViewController.swift */,
				E33B754B2452201900231435 /* ReloadTableViewDelegate.swift */,
			);
			path = favourites;
			sourceTree = "<group>";
		};
		E33B75552453682B00231435 /* Main View */ = {
			isa = PBXGroup;
			children = (
				E3B1ACAA244A2C6600C144E6 /* Main.storyboard */,
				E3BE645B24547B8300B6D13D /* CustomScreenViewController.swift */,
				E3BE645924547B7900B6D13D /* CustomLaunchScreen.storyboard */,
			);
			path = "Main View";
			sourceTree = "<group>";
		};
		E3B1AC98244A2C6500C144E6 = {
			isa = PBXGroup;
			children = (
				E3B1ACA3244A2C6600C144E6 /* SportyApp */,
				E3B1ACA2244A2C6600C144E6 /* Products */,
				E1437373B30E38B6FE0884D0 /* Pods */,
				59E63F5FAE72BD1A82DB3C99 /* Frameworks */,
			);
			sourceTree = "<group>";
		};
		E3B1ACA2244A2C6600C144E6 /* Products */ = {
			isa = PBXGroup;
			children = (
				E3B1ACA1244A2C6600C144E6 /* SportyApp.app */,
			);
			name = Products;
			sourceTree = "<group>";
		};
		E3B1ACA3244A2C6600C144E6 /* SportyApp */ = {
			isa = PBXGroup;
			children = (
				08A47828244C81FB00434B21 /* Resources */,
				0873A58F244A345800E03291 /* features */,
				E3B1ACC0244A2D8800C144E6 /* controls */,
				E3B1ACBF244A2D7B00C144E6 /* services */,
				E3B1ACBD244A2C9D00C144E6 /* network */,
				E3B1ACBC244A2C9500C144E6 /* model */,
				E3B1ACB2244A2C6A00C144E6 /* LaunchScreen.storyboard */,
				E3B1ACA8244A2C6600C144E6 /* ViewController.swift */,
				E3B1ACB5244A2C6A00C144E6 /* Info.plist */,
			);
			path = SportyApp;
			sourceTree = "<group>";
		};
		E3B1ACBC244A2C9500C144E6 /* model */ = {
			isa = PBXGroup;
			children = (
				08A47861244DCE3400434B21 /* CoreDataHandler */,
				08A4780D244B737800434B21 /* DataModel */,
				08A4780C244B737000434B21 /* Entities */,
				E3F55447244C6F6E0046675C /* RepositoryProtocol.swift */,
				E3F55449244C6FBD0046675C /* RepositoryImp.swift */,
			);
			path = model;
			sourceTree = "<group>";
		};
		E3B1ACBD244A2C9D00C144E6 /* network */ = {
			isa = PBXGroup;
			children = (
				08A47810244B79E100434B21 /* RemoteHandlers */,
			);
			path = network;
			sourceTree = "<group>";
		};
		E3B1ACBE244A2CB100C144E6 /* Main */ = {
			isa = PBXGroup;
			children = (
				E33B75552453682B00231435 /* Main View */,
				E30A01EB24520A2C00F24073 /* favourites */,
				E3F5545B244DF7EF0046675C /* leagues */,
				E3F5544B244CD4A90046675C /* sports */,
			);
			name = Main;
			path = ../Main;
			sourceTree = "<group>";
		};
		E3B1ACBF244A2D7B00C144E6 /* services */ = {
			isa = PBXGroup;
			children = (
				E33B75532452482800231435 /* ShowToastView.swift */,
				E3F55464244E55120046675C /* ReachabilityObserverDelegate.swift */,
				E3F55445244B8B450046675C /* Constants.swift */,
			);
			path = services;
			sourceTree = "<group>";
		};
		E3B1ACC0244A2D8800C144E6 /* controls */ = {
			isa = PBXGroup;
			children = (
				E3B1ACB0244A2C6A00C144E6 /* Assets.xcassets */,
				E3B1ACA4244A2C6600C144E6 /* AppDelegate.swift */,
				E3B1ACA6244A2C6600C144E6 /* SceneDelegate.swift */,
			);
			path = controls;
			sourceTree = "<group>";
		};
		E3B1ACCD244A3AE300C144E6 /* Details */ = {
			isa = PBXGroup;
			children = (
				08A4787F244E554400434B21 /* TeamDetails */,
				08A47866244DE67F00434B21 /* Presenter */,
				08A47869244DE6AE00434B21 /* Design */,
				08A4786A244DE6BD00434B21 /* Storyboard */,
			);
			path = Details;
			sourceTree = "<group>";
		};
		E3F5544B244CD4A90046675C /* sports */ = {
			isa = PBXGroup;
			children = (
				E3F5544C244CD4E00046675C /* ContentCollectionViewCell.swift */,
				E3F5544E244CD5550046675C /* HeaderCollectionReusableView.swift */,
				E3F55450244CD5850046675C /* SportsViewController.swift */,
				E3F55455244CD9FC0046675C /* CollectionViewProvider.swift */,
				E3F55457244DC1900046675C /* SportsPresenter.swift */,
			);
			path = sports;
			sourceTree = "<group>";
		};
		E3F5545B244DF7EF0046675C /* leagues */ = {
			isa = PBXGroup;
			children = (
				E30A01F224520DB100F24073 /* LeaguesViewController.swift */,
				E3F5545E244DF8750046675C /* LeagueCell.swift */,
				E3F5545F244DF8750046675C /* LeagueCell.xib */,
				E3F55462244E056F0046675C /* LeaguePresenter.swift */,
				E30A01F024520C2700F24073 /* LeagueTableView.swift */,
				E30A01F424520FFB00F24073 /* PresentControllerDelegate.swift */,
			);
			path = leagues;
			sourceTree = "<group>";
		};
/* End PBXGroup section */

/* Begin PBXNativeTarget section */
		E3B1ACA0244A2C6500C144E6 /* SportyApp */ = {
			isa = PBXNativeTarget;
			buildConfigurationList = E3B1ACB8244A2C6A00C144E6 /* Build configuration list for PBXNativeTarget "SportyApp" */;
			buildPhases = (
				E5ABA99A6219496F2114C4A0 /* [CP] Check Pods Manifest.lock */,
				E3B1AC9D244A2C6500C144E6 /* Sources */,
				E3B1AC9E244A2C6500C144E6 /* Frameworks */,
				E3B1AC9F244A2C6500C144E6 /* Resources */,
				12BF6ECD44FF5F9E8003825D /* [CP] Embed Pods Frameworks */,
			);
			buildRules = (
			);
			dependencies = (
			);
			name = SportyApp;
			packageProductDependencies = (
				E3F55453244CD8480046675C /* Kingfisher */,
			);
			productName = SportyApp;
			productReference = E3B1ACA1244A2C6600C144E6 /* SportyApp.app */;
			productType = "com.apple.product-type.application";
		};
/* End PBXNativeTarget section */

/* Begin PBXProject section */
		E3B1AC99244A2C6500C144E6 /* Project object */ = {
			isa = PBXProject;
			attributes = {
				LastSwiftUpdateCheck = 1130;
				LastUpgradeCheck = 1130;
				ORGANIZATIONNAME = mad40;
				TargetAttributes = {
					E3B1ACA0244A2C6500C144E6 = {
						CreatedOnToolsVersion = 11.3.1;
					};
				};
			};
			buildConfigurationList = E3B1AC9C244A2C6500C144E6 /* Build configuration list for PBXProject "SportyApp" */;
			compatibilityVersion = "Xcode 9.3";
			developmentRegion = en;
			hasScannedForEncodings = 0;
			knownRegions = (
				en,
				Base,
			);
			mainGroup = E3B1AC98244A2C6500C144E6;
			packageReferences = (
				E3F55452244CD8480046675C /* XCRemoteSwiftPackageReference "Kingfisher" */,
			);
			productRefGroup = E3B1ACA2244A2C6600C144E6 /* Products */;
			projectDirPath = "";
			projectRoot = "";
			targets = (
				E3B1ACA0244A2C6500C144E6 /* SportyApp */,
			);
		};
/* End PBXProject section */

/* Begin PBXResourcesBuildPhase section */
		E3B1AC9F244A2C6500C144E6 /* Resources */ = {
			isa = PBXResourcesBuildPhase;
			buildActionMask = 2147483647;
			files = (
				E3B1ACB4244A2C6A00C144E6 /* LaunchScreen.storyboard in Resources */,
				08A4785C244CDEAB00434B21 /* LatestCollectionViewCell.xib in Resources */,
				E3B1ACB1244A2C6A00C144E6 /* Assets.xcassets in Resources */,
				089F8E862450F0D7004537B5 /* noEventsAvailable.jpg in Resources */,
				E3B1ACAC244A2C6600C144E6 /* Main.storyboard in Resources */,
				E3BE645A24547B7900B6D13D /* CustomLaunchScreen.storyboard in Resources */,
				E3F55461244DF8750046675C /* LeagueCell.xib in Resources */,
				08A4782F244C8D5300434B21 /* FilledStar.png in Resources */,
				0836D9B52453CD90003F34F8 /* noImageFound.jpg in Resources */,
				08A47860244CE41E00434B21 /* TeamCollectionViewCell.xib in Resources */,
				08A47858244CCDCF00434B21 /* UpcomingCollectionViewCell.xib in Resources */,
				08A47870244DE96D00434B21 /* Details.storyboard in Resources */,
				08A47830244C8D5300434B21 /* EmptyStar.png in Resources */,
			);
			runOnlyForDeploymentPostprocessing = 0;
		};
/* End PBXResourcesBuildPhase section */

/* Begin PBXShellScriptBuildPhase section */
		12BF6ECD44FF5F9E8003825D /* [CP] Embed Pods Frameworks */ = {
			isa = PBXShellScriptBuildPhase;
			buildActionMask = 2147483647;
			files = (
			);
			inputFileListPaths = (
				"${PODS_ROOT}/Target Support Files/Pods-SportyApp/Pods-SportyApp-frameworks-${CONFIGURATION}-input-files.xcfilelist",
			);
			name = "[CP] Embed Pods Frameworks";
			outputFileListPaths = (
				"${PODS_ROOT}/Target Support Files/Pods-SportyApp/Pods-SportyApp-frameworks-${CONFIGURATION}-output-files.xcfilelist",
			);
			runOnlyForDeploymentPostprocessing = 0;
			shellPath = /bin/sh;
			shellScript = "\"${PODS_ROOT}/Target Support Files/Pods-SportyApp/Pods-SportyApp-frameworks.sh\"\n";
			showEnvVarsInLog = 0;
		};
		E5ABA99A6219496F2114C4A0 /* [CP] Check Pods Manifest.lock */ = {
			isa = PBXShellScriptBuildPhase;
			buildActionMask = 2147483647;
			files = (
			);
			inputFileListPaths = (
			);
			inputPaths = (
				"${PODS_PODFILE_DIR_PATH}/Podfile.lock",
				"${PODS_ROOT}/Manifest.lock",
			);
			name = "[CP] Check Pods Manifest.lock";
			outputFileListPaths = (
			);
			outputPaths = (
				"$(DERIVED_FILE_DIR)/Pods-SportyApp-checkManifestLockResult.txt",
			);
			runOnlyForDeploymentPostprocessing = 0;
			shellPath = /bin/sh;
			shellScript = "diff \"${PODS_PODFILE_DIR_PATH}/Podfile.lock\" \"${PODS_ROOT}/Manifest.lock\" > /dev/null\nif [ $? != 0 ] ; then\n    # print error to STDERR\n    echo \"error: The sandbox is not in sync with the Podfile.lock. Run 'pod install' or update your CocoaPods installation.\" >&2\n    exit 1\nfi\n# This output is used by Xcode 'outputs' to avoid re-running this script phase.\necho \"SUCCESS\" > \"${SCRIPT_OUTPUT_FILE_0}\"\n";
			showEnvVarsInLog = 0;
		};
/* End PBXShellScriptBuildPhase section */

/* Begin PBXSourcesBuildPhase section */
		E3B1AC9D244A2C6500C144E6 /* Sources */ = {
			isa = PBXSourcesBuildPhase;
			buildActionMask = 2147483647;
			files = (
				08A4780F244B739700434B21 /* Sport.swift in Sources */,
				E3F5544D244CD4E00046675C /* ContentCollectionViewCell.swift in Sources */,
				E3F55463244E056F0046675C /* LeaguePresenter.swift in Sources */,
				E3B1ACAF244A2C6600C144E6 /* SportyApp.xcdatamodeld in Sources */,
				08A47868244DE69300434B21 /* DetailsPresenter.swift in Sources */,
				E30A01F124520C2700F24073 /* LeagueTableView.swift in Sources */,
				E30A01F324520DB200F24073 /* LeaguesViewController.swift in Sources */,
				08A47820244B7B4300434B21 /* Team.swift in Sources */,
				08A47818244B7AEF00434B21 /* EventsHandler.swift in Sources */,
				E33B75542452482800231435 /* ShowToastView.swift in Sources */,
				08A4785F244CE41E00434B21 /* TeamCollectionViewCell.swift in Sources */,
				E30A01EF24520AAF00F24073 /* FavouritesViewController.swift in Sources */,
				08A47857244CCDCF00434B21 /* UpcomingCollectionViewCell.swift in Sources */,
				E33B754C2452201900231435 /* ReloadTableViewDelegate.swift in Sources */,
				08A47865244DE4BB00434B21 /* CoreDataPrtocol.swift in Sources */,
				E3F5544A244C6FBD0046675C /* RepositoryImp.swift in Sources */,
				E3F55451244CD5850046675C /* SportsViewController.swift in Sources */,
				08A47874244DEAC100434B21 /* CollectionViewExtension.swift in Sources */,
				08A4787C244E0FF400434B21 /* TeamsExtension.swift in Sources */,
				08A47812244B7A1700434B21 /* RemoteHandlerProtocol.swift in Sources */,
				E3F55448244C6F6E0046675C /* RepositoryProtocol.swift in Sources */,
				08A4781E244B7B3700434B21 /* Event.swift in Sources */,
				E3B1ACA9244A2C6600C144E6 /* ViewController.swift in Sources */,
				E3F5544F244CD5550046675C /* HeaderCollectionReusableView.swift in Sources */,
				08A4781A244B7B0B00434B21 /* TeamsHandler.swift in Sources */,
				08A47863244DCEB600434B21 /* CoreDataHandler.swift in Sources */,
				08A47876244DECA500434B21 /* DetailsPresenterProtocol.swift in Sources */,
				08A47814244B7A9F00434B21 /* SportsHandler.swift in Sources */,
				08A4787A244E0D3900434B21 /* LatestEventsExtension.swift in Sources */,
				08A47878244E0AAE00434B21 /* UpComingEventsExtension.swift in Sources */,
				E3B1ACA5244A2C6600C144E6 /* AppDelegate.swift in Sources */,
				E3B1ACA7244A2C6600C144E6 /* SceneDelegate.swift in Sources */,
				0888895A244F6C2700378FE5 /* TeamsTableViewController.swift in Sources */,
				E3F55446244B8B450046675C /* Constants.swift in Sources */,
				E3F55456244CD9FC0046675C /* CollectionViewProvider.swift in Sources */,
				08A4781C244B7B2A00434B21 /* League.swift in Sources */,
				08A4785B244CDEAB00434B21 /* LatestCollectionViewCell.swift in Sources */,
				E3F55465244E55120046675C /* ReachabilityObserverDelegate.swift in Sources */,
				E30A01F524520FFB00F24073 /* PresentControllerDelegate.swift in Sources */,
				08A47816244B7AC900434B21 /* LeaguesHandler.swift in Sources */,
				08A47842244CA33B00434B21 /* DetailsViewController.swift in Sources */,
				E3BE645C24547B8300B6D13D /* CustomScreenViewController.swift in Sources */,
				E3F55460244DF8750046675C /* LeagueCell.swift in Sources */,
				E3F55458244DC1900046675C /* SportsPresenter.swift in Sources */,
				E30A01ED24520A4D00F24073 /* FavouritesPresenter.swift in Sources */,
			);
			runOnlyForDeploymentPostprocessing = 0;
		};
/* End PBXSourcesBuildPhase section */

/* Begin PBXVariantGroup section */
		08A4786E244DE96D00434B21 /* Details.storyboard */ = {
			isa = PBXVariantGroup;
			children = (
				08A4786F244DE96D00434B21 /* Base */,
			);
			name = Details.storyboard;
			sourceTree = "<group>";
		};
		E3B1ACAA244A2C6600C144E6 /* Main.storyboard */ = {
			isa = PBXVariantGroup;
			children = (
				E3B1ACAB244A2C6600C144E6 /* Base */,
			);
			name = Main.storyboard;
			sourceTree = "<group>";
		};
		E3B1ACB2244A2C6A00C144E6 /* LaunchScreen.storyboard */ = {
			isa = PBXVariantGroup;
			children = (
				E3B1ACB3244A2C6A00C144E6 /* Base */,
			);
			name = LaunchScreen.storyboard;
			sourceTree = "<group>";
		};
/* End PBXVariantGroup section */

/* Begin XCBuildConfiguration section */
		E3B1ACB6244A2C6A00C144E6 /* Debug */ = {
			isa = XCBuildConfiguration;
			buildSettings = {
				ALWAYS_SEARCH_USER_PATHS = NO;
				CLANG_ANALYZER_NONNULL = YES;
				CLANG_ANALYZER_NUMBER_OBJECT_CONVERSION = YES_AGGRESSIVE;
				CLANG_CXX_LANGUAGE_STANDARD = "gnu++14";
				CLANG_CXX_LIBRARY = "libc++";
				CLANG_ENABLE_MODULES = YES;
				CLANG_ENABLE_OBJC_ARC = YES;
				CLANG_ENABLE_OBJC_WEAK = YES;
				CLANG_WARN_BLOCK_CAPTURE_AUTORELEASING = YES;
				CLANG_WARN_BOOL_CONVERSION = YES;
				CLANG_WARN_COMMA = YES;
				CLANG_WARN_CONSTANT_CONVERSION = YES;
				CLANG_WARN_DEPRECATED_OBJC_IMPLEMENTATIONS = YES;
				CLANG_WARN_DIRECT_OBJC_ISA_USAGE = YES_ERROR;
				CLANG_WARN_DOCUMENTATION_COMMENTS = YES;
				CLANG_WARN_EMPTY_BODY = YES;
				CLANG_WARN_ENUM_CONVERSION = YES;
				CLANG_WARN_INFINITE_RECURSION = YES;
				CLANG_WARN_INT_CONVERSION = YES;
				CLANG_WARN_NON_LITERAL_NULL_CONVERSION = YES;
				CLANG_WARN_OBJC_IMPLICIT_RETAIN_SELF = YES;
				CLANG_WARN_OBJC_LITERAL_CONVERSION = YES;
				CLANG_WARN_OBJC_ROOT_CLASS = YES_ERROR;
				CLANG_WARN_RANGE_LOOP_ANALYSIS = YES;
				CLANG_WARN_STRICT_PROTOTYPES = YES;
				CLANG_WARN_SUSPICIOUS_MOVE = YES;
				CLANG_WARN_UNGUARDED_AVAILABILITY = YES_AGGRESSIVE;
				CLANG_WARN_UNREACHABLE_CODE = YES;
				CLANG_WARN__DUPLICATE_METHOD_MATCH = YES;
				COPY_PHASE_STRIP = NO;
				DEBUG_INFORMATION_FORMAT = dwarf;
				ENABLE_STRICT_OBJC_MSGSEND = YES;
				ENABLE_TESTABILITY = YES;
				GCC_C_LANGUAGE_STANDARD = gnu11;
				GCC_DYNAMIC_NO_PIC = NO;
				GCC_NO_COMMON_BLOCKS = YES;
				GCC_OPTIMIZATION_LEVEL = 0;
				GCC_PREPROCESSOR_DEFINITIONS = (
					"DEBUG=1",
					"$(inherited)",
				);
				GCC_WARN_64_TO_32_BIT_CONVERSION = YES;
				GCC_WARN_ABOUT_RETURN_TYPE = YES_ERROR;
				GCC_WARN_UNDECLARED_SELECTOR = YES;
				GCC_WARN_UNINITIALIZED_AUTOS = YES_AGGRESSIVE;
				GCC_WARN_UNUSED_FUNCTION = YES;
				GCC_WARN_UNUSED_VARIABLE = YES;
				IPHONEOS_DEPLOYMENT_TARGET = 13.2;
				MTL_ENABLE_DEBUG_INFO = INCLUDE_SOURCE;
				MTL_FAST_MATH = YES;
				ONLY_ACTIVE_ARCH = YES;
				SDKROOT = iphoneos;
				SWIFT_ACTIVE_COMPILATION_CONDITIONS = DEBUG;
				SWIFT_OPTIMIZATION_LEVEL = "-Onone";
			};
			name = Debug;
		};
		E3B1ACB7244A2C6A00C144E6 /* Release */ = {
			isa = XCBuildConfiguration;
			buildSettings = {
				ALWAYS_SEARCH_USER_PATHS = NO;
				CLANG_ANALYZER_NONNULL = YES;
				CLANG_ANALYZER_NUMBER_OBJECT_CONVERSION = YES_AGGRESSIVE;
				CLANG_CXX_LANGUAGE_STANDARD = "gnu++14";
				CLANG_CXX_LIBRARY = "libc++";
				CLANG_ENABLE_MODULES = YES;
				CLANG_ENABLE_OBJC_ARC = YES;
				CLANG_ENABLE_OBJC_WEAK = YES;
				CLANG_WARN_BLOCK_CAPTURE_AUTORELEASING = YES;
				CLANG_WARN_BOOL_CONVERSION = YES;
				CLANG_WARN_COMMA = YES;
				CLANG_WARN_CONSTANT_CONVERSION = YES;
				CLANG_WARN_DEPRECATED_OBJC_IMPLEMENTATIONS = YES;
				CLANG_WARN_DIRECT_OBJC_ISA_USAGE = YES_ERROR;
				CLANG_WARN_DOCUMENTATION_COMMENTS = YES;
				CLANG_WARN_EMPTY_BODY = YES;
				CLANG_WARN_ENUM_CONVERSION = YES;
				CLANG_WARN_INFINITE_RECURSION = YES;
				CLANG_WARN_INT_CONVERSION = YES;
				CLANG_WARN_NON_LITERAL_NULL_CONVERSION = YES;
				CLANG_WARN_OBJC_IMPLICIT_RETAIN_SELF = YES;
				CLANG_WARN_OBJC_LITERAL_CONVERSION = YES;
				CLANG_WARN_OBJC_ROOT_CLASS = YES_ERROR;
				CLANG_WARN_RANGE_LOOP_ANALYSIS = YES;
				CLANG_WARN_STRICT_PROTOTYPES = YES;
				CLANG_WARN_SUSPICIOUS_MOVE = YES;
				CLANG_WARN_UNGUARDED_AVAILABILITY = YES_AGGRESSIVE;
				CLANG_WARN_UNREACHABLE_CODE = YES;
				CLANG_WARN__DUPLICATE_METHOD_MATCH = YES;
				COPY_PHASE_STRIP = NO;
				DEBUG_INFORMATION_FORMAT = "dwarf-with-dsym";
				ENABLE_NS_ASSERTIONS = NO;
				ENABLE_STRICT_OBJC_MSGSEND = YES;
				GCC_C_LANGUAGE_STANDARD = gnu11;
				GCC_NO_COMMON_BLOCKS = YES;
				GCC_WARN_64_TO_32_BIT_CONVERSION = YES;
				GCC_WARN_ABOUT_RETURN_TYPE = YES_ERROR;
				GCC_WARN_UNDECLARED_SELECTOR = YES;
				GCC_WARN_UNINITIALIZED_AUTOS = YES_AGGRESSIVE;
				GCC_WARN_UNUSED_FUNCTION = YES;
				GCC_WARN_UNUSED_VARIABLE = YES;
				IPHONEOS_DEPLOYMENT_TARGET = 13.2;
				MTL_ENABLE_DEBUG_INFO = NO;
				MTL_FAST_MATH = YES;
				SDKROOT = iphoneos;
				SWIFT_COMPILATION_MODE = wholemodule;
				SWIFT_OPTIMIZATION_LEVEL = "-O";
				VALIDATE_PRODUCT = YES;
			};
			name = Release;
		};
		E3B1ACB9244A2C6A00C144E6 /* Debug */ = {
			isa = XCBuildConfiguration;
			baseConfigurationReference = AFA4B61F650F1AA8631C8A16 /* Pods-SportyApp.debug.xcconfig */;
			buildSettings = {
				ASSETCATALOG_COMPILER_APPICON_NAME = AppIcon;
				CODE_SIGN_STYLE = Automatic;
				INFOPLIST_FILE = SportyApp/Info.plist;
				LD_RUNPATH_SEARCH_PATHS = (
					"$(inherited)",
					"@executable_path/Frameworks",
				);
				PRODUCT_BUNDLE_IDENTIFIER = iti.mad40.SportyApp;
				PRODUCT_NAME = "$(TARGET_NAME)";
				SWIFT_VERSION = 5.0;
				TARGETED_DEVICE_FAMILY = "1,2";
			};
			name = Debug;
		};
		E3B1ACBA244A2C6A00C144E6 /* Release */ = {
			isa = XCBuildConfiguration;
			baseConfigurationReference = 22EB294BEE8C31B73025DD47 /* Pods-SportyApp.release.xcconfig */;
			buildSettings = {
				ASSETCATALOG_COMPILER_APPICON_NAME = AppIcon;
				CODE_SIGN_STYLE = Automatic;
				INFOPLIST_FILE = SportyApp/Info.plist;
				LD_RUNPATH_SEARCH_PATHS = (
					"$(inherited)",
					"@executable_path/Frameworks",
				);
				PRODUCT_BUNDLE_IDENTIFIER = iti.mad40.SportyApp;
				PRODUCT_NAME = "$(TARGET_NAME)";
				SWIFT_VERSION = 5.0;
				TARGETED_DEVICE_FAMILY = "1,2";
			};
			name = Release;
		};
/* End XCBuildConfiguration section */

/* Begin XCConfigurationList section */
		E3B1AC9C244A2C6500C144E6 /* Build configuration list for PBXProject "SportyApp" */ = {
			isa = XCConfigurationList;
			buildConfigurations = (
				E3B1ACB6244A2C6A00C144E6 /* Debug */,
				E3B1ACB7244A2C6A00C144E6 /* Release */,
			);
			defaultConfigurationIsVisible = 0;
			defaultConfigurationName = Release;
		};
		E3B1ACB8244A2C6A00C144E6 /* Build configuration list for PBXNativeTarget "SportyApp" */ = {
			isa = XCConfigurationList;
			buildConfigurations = (
				E3B1ACB9244A2C6A00C144E6 /* Debug */,
				E3B1ACBA244A2C6A00C144E6 /* Release */,
			);
			defaultConfigurationIsVisible = 0;
			defaultConfigurationName = Release;
		};
/* End XCConfigurationList section */

/* Begin XCRemoteSwiftPackageReference section */
		E3F55452244CD8480046675C /* XCRemoteSwiftPackageReference "Kingfisher" */ = {
			isa = XCRemoteSwiftPackageReference;
			repositoryURL = "https://github.com/onevcat/Kingfisher.git";
			requirement = {
				kind = upToNextMajorVersion;
				minimumVersion = 5.13.4;
			};
		};
/* End XCRemoteSwiftPackageReference section */

/* Begin XCSwiftPackageProductDependency section */
		E3F55453244CD8480046675C /* Kingfisher */ = {
			isa = XCSwiftPackageProductDependency;
			package = E3F55452244CD8480046675C /* XCRemoteSwiftPackageReference "Kingfisher" */;
			productName = Kingfisher;
		};
/* End XCSwiftPackageProductDependency section */

/* Begin XCVersionGroup section */
		E3B1ACAD244A2C6600C144E6 /* SportyApp.xcdatamodeld */ = {
			isa = XCVersionGroup;
			children = (
				E3B1ACAE244A2C6600C144E6 /* SportyApp.xcdatamodel */,
			);
			currentVersion = E3B1ACAE244A2C6600C144E6 /* SportyApp.xcdatamodel */;
			path = SportyApp.xcdatamodeld;
			sourceTree = "<group>";
			versionGroupType = wrapper.xcdatamodel;
		};
/* End XCVersionGroup section */
	};
	rootObject = E3B1AC99244A2C6500C144E6 /* Project object */;
}
